{
    "_meta": {
        "hash": {
            "sha256": "540afd41a16135b7e6ba3c38aebaa2af5d7c566dbfc501584dde0e8f2d95babc"
        },
        "pipfile-spec": 6,
        "requires": {
            "python_version": "3.12"
        },
        "sources": [
            {
                "name": "pypi",
                "url": "https://pypi.org/simple",
                "verify_ssl": true
            }
        ]
    },
    "default": {
        "arabic-reshaper": {
            "hashes": [
                "sha256:3f71d5034bb694204a239a6f1ebcf323ac3c5b059de02259235e2016a1a5e2dc",
                "sha256:ffcd13ba5ec007db71c072f5b23f420da92ac7f268512065d49e790e62237099"
            ],
            "version": "==3.0.0"
        },
        "asgiref": {
            "hashes": [
                "sha256:3e1e3ecc849832fe52ccf2cb6686b7a55f82bb1d6aee72a58826471390335e47",
                "sha256:c343bd80a0bec947a9860adb4c432ffa7db769836c64238fc34bdc3fec84d590"
            ],
            "markers": "python_version >= '3.8'",
            "version": "==3.8.1"
        },
        "django": {
            "hashes": [
                "sha256:0604e84c4fb698a5e53e5857b5aea945b2f19a18f25f10b8748dbdf935788927",
                "sha256:21f0f9643722675976004eb683c55d33c05486f94506672df3d6a141546f389d"
            ],
            "index": "pypi",
            "markers": "python_version >= '3.6'",
            "version": "==3.2"
        },
        "django-cleanup": {
            "hashes": [
                "sha256:19f8b0e830233f9f0f683b17181f414672a0f48afe3ea3cc80ba47ae40ad880c",
                "sha256:bb9fb560aaf62959c81e31fa40885c36bbd5854d5aa21b90df2c7e4ba633531e"
            ],
            "index": "pypi",
            "markers": "python_version >= '3.8'",
            "version": "==9.0.0"
        },
        "django-crontab": {
            "hashes": [
                "sha256:1201810a212460aaaa48eb6a766738740daf42c1a4f6aafecfb1525036929236"
            ],
            "index": "pypi",
            "version": "==0.7.1"
        },
        "django-widget-tweaks": {
            "hashes": [
                "sha256:1c2180681ebb994e922c754804c7ffebbe1245014777ac47897a81f57cc629c7",
                "sha256:a41b7b2f05bd44d673d11ebd6c09a96f1d013ee98121cb98c384fe84e33b881e"
            ],
            "index": "pypi",
            "markers": "python_version >= '3.8'",
            "version": "==1.5.0"
        },
        "django-xhtml2pdf": {
            "hashes": [
                "sha256:84595fd7f242efffc1682eaf6646f237cb4823cda14e81b9cd642f6c790edd4e",
                "sha256:e91f4ea6033fb0eb9ae3869fe764df3c756c22897b526587aef008fb04d69871"
            ],
            "index": "pypi",
            "version": "==0.0.4"
        },
        "html5lib": {
            "hashes": [
                "sha256:0d78f8fde1c230e99fe37986a60526d7049ed4bf8a9fadbad5f00e22e58e041d",
                "sha256:b2e5b40261e20f354d198eae92afc10d750afb487ed5e50f9c4eaf07c184146f"
            ],
            "markers": "python_version >= '2.7' and python_version not in '3.0, 3.1, 3.2, 3.3, 3.4'",
            "version": "==1.1"
        },
        "pillow": {
            "hashes": [
                "sha256:014ca0050c85003620526b0ac1ac53f56fc93af128f7546623cc8e31875ab928",
                "sha256:036e53f4170e270ddb8797d4c590e6dd14d28e15c7da375c18978045f7e6c37b",
                "sha256:062b7a42d672c45a70fa1f8b43d1d38ff76b63421cbbe7f88146b39e8a558d91",
                "sha256:0c3e6d0f59171dfa2e25d7116217543310908dfa2770aa64b8f87605f8cacc97",
                "sha256:0c7b29dbd4281923a2bfe562acb734cee96bbb129e96e6972d315ed9f232bef4",
                "sha256:0f5c7eda47bf8e3c8a283762cab94e496ba977a420868cb819159980b6709193",
                "sha256:127bf6ac4a5b58b3d32fc8289656f77f80567d65660bc46f72c0d77e6600cc95",
                "sha256:14e33b28bf17c7a38eede290f77db7c664e4eb01f7869e37fa98a5aa95978941",
                "sha256:14f73f7c291279bd65fda51ee87affd7c1e097709f7fdd0188957a16c264601f",
                "sha256:191955c55d8a712fab8934a42bfefbf99dd0b5875078240943f913bb66d46d9f",
                "sha256:1d535df14716e7f8776b9e7fee118576d65572b4aad3ed639be9e4fa88a1cad3",
                "sha256:208653868d5c9ecc2b327f9b9ef34e0e42a4cdd172c2988fd81d62d2bc9bc044",
                "sha256:21e1470ac9e5739ff880c211fc3af01e3ae505859392bf65458c224d0bf283eb",
                "sha256:225c832a13326e34f212d2072982bb1adb210e0cc0b153e688743018c94a2681",
                "sha256:25a5f306095c6780c52e6bbb6109624b95c5b18e40aab1c3041da3e9e0cd3e2d",
                "sha256:2728567e249cdd939f6cc3d1f049595c66e4187f3c34078cbc0a7d21c47482d2",
                "sha256:2b490402c96f907a166615e9a5afacf2519e28295f157ec3a2bb9bd57de638cb",
                "sha256:312c77b7f07ab2139924d2639860e084ec2a13e72af54d4f08ac843a5fc9c79d",
                "sha256:31df6e2d3d8fc99f993fd253e97fae451a8db2e7207acf97859732273e108406",
                "sha256:35ca289f712ccfc699508c4658a1d14652e8033e9b69839edf83cbdd0ba39e70",
                "sha256:3692b68c87096ac6308296d96354eddd25f98740c9d2ab54e1549d6c8aea9d79",
                "sha256:36d6b82164c39ce5482f649b437382c0fb2395eabc1e2b1702a6deb8ad647d6e",
                "sha256:39ad2e0f424394e3aebc40168845fee52df1394a4673a6ee512d840d14ab3013",
                "sha256:3e645b020f3209a0181a418bffe7b4a93171eef6c4ef6cc20980b30bebf17b7d",
                "sha256:3fe735ced9a607fee4f481423a9c36701a39719252a9bb251679635f99d0f7d2",
                "sha256:4b835d89c08a6c2ee7781b8dd0a30209a8012b5f09c0a665b65b0eb3560b6f36",
                "sha256:4d375eb838755f2528ac8cbc926c3e31cc49ca4ad0cf79cff48b20e30634a4a7",
                "sha256:4eb92eca2711ef8be42fd3f67533765d9fd043b8c80db204f16c8ea62ee1a751",
                "sha256:5119225c622403afb4b44bad4c1ca6c1f98eed79db8d3bc6e4e160fc6339d66c",
                "sha256:562d11134c97a62fe3af29581f083033179f7ff435f78392565a1ad2d1c2c45c",
                "sha256:598174aef4589af795f66f9caab87ba4ff860ce08cd5bb447c6fc553ffee603c",
                "sha256:63b5dff3a68f371ea06025a1a6966c9a1e1ee452fc8020c2cd0ea41b83e9037b",
                "sha256:6ebce70c3f486acf7591a3d73431fa504a4e18a9b97ff27f5f47b7368e4b9dd1",
                "sha256:738db0e0941ca0376804d4de6a782c005245264edaa253ffce24e5a15cbdc7bd",
                "sha256:7491cf8a79b8eb867d419648fff2f83cb0b3891c8b36da92cc7f1931d46108c8",
                "sha256:74ee3d7ecb3f3c05459ba95eed5efa28d6092d751ce9bf20e3e253a4e497e691",
                "sha256:750f96efe0597382660d8b53e90dd1dd44568a8edb51cb7f9d5d918b80d4de14",
                "sha256:78092232a4ab376a35d68c4e6d5e00dfd73454bd12b230420025fbe178ee3b0b",
                "sha256:78afba22027b4accef10dbd5eed84425930ba41b3ea0a86fa8d20baaf19d807f",
                "sha256:7bdb5e09068332578214cadd9c05e3d64d99e0e87591be22a324bdbc18925be0",
                "sha256:80f1df8dbe9572b4b7abdfa17eb5d78dd620b1d55d9e25f834efdbee872d3aed",
                "sha256:85d27ea4c889342f7e35f6d56e7e1cb345632ad592e8c51b693d7b7556043ce0",
                "sha256:8b02d8f9cb83c52578a0b4beadba92e37d83a4ef11570a8688bbf43f4ca50909",
                "sha256:8ce2e8411c7aaef53e6bb29fe98f28cd4fbd9a1d9be2eeea434331aac0536b22",
                "sha256:8f4f3724c068be008c08257207210c138d5f3731af6c155a81c2b09a9eb3a788",
                "sha256:9622e3b6c1d8b551b6e6f21873bdcc55762b4b2126633014cea1803368a9aa16",
                "sha256:9b7b0d4fd2635f54ad82785d56bc0d94f147096493a79985d0ab57aedd563156",
                "sha256:9bc7ae48b8057a611e5fe9f853baa88093b9a76303937449397899385da06fad",
                "sha256:9db98ab6565c69082ec9b0d4e40dd9f6181dab0dd236d26f7a50b8b9bfbd5076",
                "sha256:9ee66787e095127116d91dea2143db65c7bb1e232f617aa5957c0d9d2a3f23a7",
                "sha256:a0a6709b47019dff32e678bc12c63008311b82b9327613f534e496dacaefb71e",
                "sha256:a64dd61998416367b7ef979b73d3a85853ba9bec4c2925f74e588879a58716b6",
                "sha256:aa442755e31c64037aa7c1cb186e0b369f8416c567381852c63444dd666fb772",
                "sha256:ad275964d52e2243430472fc5d2c2334b4fc3ff9c16cb0a19254e25efa03a155",
                "sha256:b0e130705d568e2f43a17bcbe74d90958e8a16263868a12c3e0d9c8162690830",
                "sha256:b10428b3416d4f9c61f94b494681280be7686bda15898a3a9e08eb66a6d92d67",
                "sha256:b2dbea1012ccb784a65349f57bbc93730b96e85b42e9bf7b01ef40443db720b4",
                "sha256:b4ba4be812c7a40280629e55ae0b14a0aafa150dd6451297562e1764808bbe61",
                "sha256:b93a07e76d13bff9444f1a029e0af2964e654bfc2e2c2d46bfd080df5ad5f3d8",
                "sha256:bf2c33d6791c598142f00c9c4c7d47f6476731c31081331664eb26d6ab583e01",
                "sha256:c27476257b2fdcd7872d54cfd119b3a9ce4610fb85c8e32b70b42e3680a29a1e",
                "sha256:c8bd62331e5032bc396a93609982a9ab6b411c05078a52f5fe3cc59234a3abd1",
                "sha256:c97209e85b5be259994eb5b69ff50c5d20cca0f458ef9abd835e262d9d88b39d",
                "sha256:cc1c3bc53befb6096b84165956e886b1729634a799e9d6329a0c512ab651e579",
                "sha256:cc5d875d56e49f112b6def6813c4e3d3036d269c008bf8aef72cd08d20ca6df6",
                "sha256:d189ba1bebfbc0c0e529159631ec72bb9e9bc041f01ec6d3233d6d82eb823bc1",
                "sha256:d4e5c5edee874dce4f653dbe59db7c73a600119fbea8d31f53423586ee2aafd7",
                "sha256:d57a75d53922fc20c165016a20d9c44f73305e67c351bbc60d1adaf662e74047",
                "sha256:da3104c57bbd72948d75f6a9389e6727d2ab6333c3617f0a89d72d4940aa0443",
                "sha256:dd6b20b93b3ccc9c1b597999209e4bc5cf2853f9ee66e3fc9a400a78733ffc9a",
                "sha256:e0409af9f829f87a2dfb7e259f78f317a5351f2045158be321fd135973fff7bf",
                "sha256:e0b55f27f584ed623221cfe995c912c61606be8513bfa0e07d2c674b4516d9dd",
                "sha256:e616e7154c37669fc1dfc14584f11e284e05d1c650e1c0f972f281c4ccc53193",
                "sha256:e6def7eed9e7fa90fde255afaf08060dc4b343bbe524a8f69bdd2a2f0018f600",
                "sha256:ea926cfbc3957090becbcbbb65ad177161a2ff2ad578b5a6ec9bb1e1cd78753c",
                "sha256:f0d3348c95b766f54b76116d53d4cb171b52992a1027e7ca50c81b43b9d9e363",
                "sha256:f6b0c664ccb879109ee3ca702a9272d877f4fcd21e5eb63c26422fd6e415365e",
                "sha256:f781dcb0bc9929adc77bad571b8621ecb1e4cdef86e940fe2e5b5ee24fd33b35",
                "sha256:f91ebf30830a48c825590aede79376cb40f110b387c17ee9bd59932c961044f9",
                "sha256:fdec757fea0b793056419bca3e9932eb2b0ceec90ef4813ea4c1e072c389eb28",
                "sha256:fe15238d3798788d00716637b3d4e7bb6bde18b26e5d08335a96e88564a36b6b"
            ],
            "index": "pypi",
            "markers": "python_version >= '3.9'",
            "version": "==11.2.1"
        },
        "pypdf2": {
            "hashes": [
                "sha256:a74408f69ba6271f71b9352ef4ed03dc53a31aa404d29b5d31f53bfecfee1440",
                "sha256:d16e4205cfee272fbdc0568b68d82be796540b1537508cef59388f839c191928"
            ],
            "markers": "python_version >= '3.6'",
            "version": "==3.0.1"
        },
        "python-bidi": {
            "hashes": [
                "sha256:00081439e969c9d9d2ede8eccef4e91397f601931c4f02864edccb760c8f1db5",
                "sha256:00622f54a80826a918b22a2d6d5481bb3f669147e17bac85c81136b6ffbe7c06",
                "sha256:02255a04e26520b19081f7d378881b39050f5893e2fb4d65da81b849f58f4f76",
                "sha256:0781c3c63b4bc3b37273de2076cb9b875436ae19be0ff04752914d02a4375790",
                "sha256:07c9f000671b187319bacebb9e98d8b75005ccd16aa41b9d4411e66813c467bb",
                "sha256:07db4c7da502593bd6e39c07b3a38733704070de0cbf92a7b7277b7be8867dd9",
                "sha256:09d4da6b5851d0df01d7313a11d22f308fdfb0e12461f7262e0f55c521ccc0f1",
                "sha256:0c298868017614d6b7e0e31293775ebe6622e87009d95e1ecd0abdc1fa5228a2",
                "sha256:0eb12b724cc99853e0e0425b54c1c2219492486afaca106c827204b4189504db",
                "sha256:125a815f2b20313a2f6d331aa84abdd07de7d270985b056e6729390a4cda90df",
                "sha256:166060a31c10aa3ffadd52cf10a3c9c2b8d78d844e0f2c5801e2ed511d3ec316",
                "sha256:183fee39bd2de787f632376bd5ba0d5f1daf6a09d3ebfaa211df25d62223e531",
                "sha256:1d627f8cfeba70fe4e0ec27b35615c938a483cbef2d9eb7e1e42400d2196019e",
                "sha256:207b0a7082ec38045910d37700a0dd73c10d4ffccb22a4fd0391d7e9ce241672",
                "sha256:2150ac84f7b15f00f8cd9e29fee7edb4639b7ed2cd9e3d23e2dfd83098f719b7",
                "sha256:25fa21b46dc80ac7099d2dee424b634eb1f76b2308d518e505a626c55cdbf7b1",
                "sha256:27cf629a0ef983a25cfd62c6238ee1e742e35552409d5c1b43f6d22945adc4c2",
                "sha256:2d139bab64962731b5288edb1b6db76060c5a5183187efa590499951cd230b02",
                "sha256:33bd0ba5eedf18315a1475ac0f215b5134e48011b7320aedc2fb97df31d4e5bf",
                "sha256:3428331e7ce0d58c15b5a57e18a43a12e28f8733086066e6fd75b0ded80e1cae",
                "sha256:3564e574db1a0b3826ed6e646dc7206602189c31194d8da412007477ce653174",
                "sha256:35adfb9fed3e72b9043a5c00b6ab69e4b33d53d2d8f8b9f60d4df700f77bc2c0",
                "sha256:39eed023add8c53684f1de96cb72b4309cc4d412745f59b5d0dab48e6b88317b",
                "sha256:3e17441d31a8665a44f5f42dba7646bbcd3c51ae6657dd019f6a7bb12618b12f",
                "sha256:4142467ec0caa063aca894ca8f1e8a4d9ca6834093c06b0ad5e7aa98dc801079",
                "sha256:41fde9b4bb45c0e1b3283599e7539c82624ef8a8d3115da76b06160d923aab09",
                "sha256:43a0409570c618d93706dc875b1d33b4adfe67144f6f2ebeb32d85d8bbdb85ed",
                "sha256:471c1a5fcdbb3de47377d74a7f1017216d9464e5428ca4e66f863e49dca73393",
                "sha256:485f2ee109e7aa73efc165b90a6d90da52546801413540c08b7133fe729d5e0a",
                "sha256:490f8fe09ed423bfe00531f215e3b87e6000b8170408a0ead6ea5626f644b1d1",
                "sha256:493a844891e23264411b01df58ba77d5dbb0045da3787f4195f50a56bfb847d9",
                "sha256:4bb186c8da4bdc953893504bba93f41d5b412fd767ba5661ff606f22950ec609",
                "sha256:4eb3f28ca5e2f7238eaf67126c7634ec35603cbfbbe9b9b340ffee4a3314455f",
                "sha256:4ecfd1d0f6d2927eb2114b55a63b298766b85fc9f0c9aaacb4e8df3e0468538a",
                "sha256:4ff1eba0ff87e04bd35d7e164203ad6e5ce19f0bac0bdf673134c0b78d919608",
                "sha256:53122c3492fe3df871eb682c17eb848e24aa702946622ab78141c7027775519f",
                "sha256:534bc7c84159b6e4b777f5fb9122902d6e19223c4242f5b94417de1afcfe2fd9",
                "sha256:5351efb4e86281eb26c420066fade935cd670c0c0960edc323b80d0b94a0bc19",
                "sha256:53d7d3a550d176df99dd0bb0cc2da16b40634f11c8b9f5715777441d679c0a62",
                "sha256:5506ba56380140b3cb3504029de014d21eb8874c5e081d88495f8775f6ed90bc",
                "sha256:57c0ca449a116c4f804422111b3345281c4e69c733c4556fa216644ec9907078",
                "sha256:589c5b24a8c4b5e07a1e97654020734bf16ed01a4353911ab663a37aaf1c281d",
                "sha256:5c9f798dd49b24bb1a9d90f065ef25c7bffa94c04c554f1fc02d0aea0a9b10b0",
                "sha256:61cf12f6b7d0b9bb37838a5f045e6acbd91e838b57f0369c55319bb3969ffa4d",
                "sha256:6255ad385bb90aa39f8340967eef35657e52f8ed011773d37113cafa0ed5eefd",
                "sha256:63f7a9eaec31078e7611ab958b6e18e796c05b63ca50c1f7298311dc1e15ac3e",
                "sha256:646e83862dadfee00b75c93a930015e9f1cb924b26c34319a75aef65fcb3ddfa",
                "sha256:686642a52acdeffb1d9a593a284d07b175c63877c596fa3ccceeb2649ced1dd8",
                "sha256:691822fac1d6f3caf12e667dd8b41956485c78b211032747c5f97822ba208726",
                "sha256:69c02316a4f72a168ea6f66b90d845086e2f2d2de6b08eb32c576db36582177c",
                "sha256:6a4f4c664b2594d2d6be6a31c9254e784d6d5c1b17edfdccb5f0fac317a1cd5e",
                "sha256:6c84d901fad5fe3b58a329c0b4a5c9d93a2d5430d150ad41f0e1165fc75ff439",
                "sha256:6cc626d2f77cac470b3167a28d4975744f3d99f5eaf8f5c2048ac9c0b9cba9dc",
                "sha256:6dfa55611022f95058bb7deb2ac20755ae8abbe1104f87515f561e4a56944ba1",
                "sha256:76a1cd320993ba3e91a567e97f057a03f2c6b493096b3fff8b5630f51a38e7eb",
                "sha256:7906229befa0cea2fe0278a934a27f657b68ce07a2606b1244f814a38b4ab42a",
                "sha256:7d395e537a34d59e776fcdf50a50786d1a82084849d55cf644f4969ef8156643",
                "sha256:804c74d070f4e85c6976e55cdbb3f4ead5ec5d7ea0cfad8f18f5464be5174ec9",
                "sha256:825d15e547a9a2da5501966db672d6c8a5a063c041b2741ba32cc9775694b0ff",
                "sha256:82c7f6bb3dfc4f61aecb2290f1ea24bb2450a5cbc94ee8abe5d6278b67859e0b",
                "sha256:82e0befbc1078a964c6b6f2f7a616ae8015b52fdcd2f03979abf0fb1f2f18b48",
                "sha256:8706addd827840c2c3b3a9963060d9b979b43801cc9be982efa9644facd3ed26",
                "sha256:87a5489189b0a852da0129df77f0cc8e874b7b1ab1f968a209d340477906f076",
                "sha256:8b5f648ee8e9f4ac0400f71e671934b39837d7031496e0edde867a303344d758",
                "sha256:91a8cb8feac5d0042e2897042fe7bbbeab5dea1ab785f4b7d0c0bbbf6bc7aefd",
                "sha256:91c12d58cec15385817f8b2c7c56de8e37523f05926f2de0e59199d3e50e1516",
                "sha256:92eb89f9d8aa0c877cb49fc6356c7f5566e819ea29306992e26be59a5ce468d7",
                "sha256:965e6f2182e7b9352f2d79221f6c49502a307a9778d7d87d82dc36bb1ffecbab",
                "sha256:994534e47260d712c3b3291a6ab55b46cdbfd78a879ef95d14b27bceebfd4049",
                "sha256:9a9de76229ac22cb6bd40b56a8f7f0c42cbdff985dbd14b65bac955acf070594",
                "sha256:a138a7607b459414431a5cdcf5834624d6f87911a8863b51dd363a1e2e5744ab",
                "sha256:a2a49b506ed21f762ebf332de6de689bc4912e24dcc3b85f120b34e5f01e541a",
                "sha256:a525bcb77b8edbfdcf8b199dbed24556e6d1436af8f5fa392f6cdc93ed79b4af",
                "sha256:a6ac2a3ec5ccc3736e29bb201f27bd33707bfde774d3d222826aa181552590b2",
                "sha256:ada1aecd32773c61b16f7c9f74d9ec1b57ea433e2083e08ca387c5cd4b0ceaed",
                "sha256:af828457e46b31542569b4391014e6645023f6144de1dabf9fce7e9683235c25",
                "sha256:b144a1b8766fa6a536cc0feb6fdd29d91af7a82a0c09d89db5fc0b79d5678d7d",
                "sha256:b271cd05cb40f47eb4600de79a8e47f8579d81ce35f5650b39b7860d018c3ece",
                "sha256:b31f5562839e7ecea881ba337f9d39716e2e0e6b3ba395e824620ee5060050ff",
                "sha256:b53b8b061b67908b5b436abede8c450c8d2fa965cb713d541688f552b4cfa3d3",
                "sha256:b65b4105998436405a3e6bca60cbf9714f6a08099b16c0cf4752a4a3a70eb45b",
                "sha256:b8a83f28c104ef3b86ad60219d885b31728eb40c644f414f505068a6ecba3575",
                "sha256:b9498ead7f09eee272ff9c45900a8dcdc50a9558e126420a71d15774cc98bb44",
                "sha256:bbbcb28474b71e3ad05d8bd483348efe41fb7dfef6bd3046f3072baa0954d746",
                "sha256:bd5b3aa43d5222f1deef9894356a42f2443486501405977cda3aad0f23e20f9d",
                "sha256:c07e4d6d8c8f574aa135436207a37bba522443a8490b0ba720b54d343dfde1a7",
                "sha256:c0e715b500b09cefccaddb7087978dcd755443b9620aa1cc7b441824253cf2b8",
                "sha256:c48a755ca8ba3f2b242d6795d4a60e83ca580cc4fa270a3aaa8af05d93b7ba7f",
                "sha256:c4c0255940e6ff98fb05f9d5de3ffcaab7b60d821d4ca072b50c4f871b036562",
                "sha256:c4e08753d32d633f5ecb5eb02624272eeffaa6d5c6f4f9ddf012637bcaabfc0a",
                "sha256:d1dcd7a82ae00b86821fce627e310791f56da90924f15877cfda844e340679de",
                "sha256:d941a6a8a7159982d904982cfe0feb0a794913c5592d8137ccae0d518b2575e4",
                "sha256:da4949496e563b51f53ff34aad5a9f4c3aaf06f4180cf3bcb42bec649486c8f1",
                "sha256:dc8b0566cef5277f127a80e7546b52393050e5a572f08a352ca220e3f94807cf",
                "sha256:de020488c334c31916ee7526c1a867bf632516c1c2a0420d14d10b79f00761c7",
                "sha256:e2f227ee564e0241e57269043bdfa13025d08d0919b349f5c686e8cfc0540dbf",
                "sha256:e4a6251e212f828bb10ea69e0aa6b92b54f00bf56526b490fe890ca5f4333ec1",
                "sha256:e7e36601edda15e67527560b1c00108b0d27831260b6b251cf7c6dd110645c03",
                "sha256:e7edb0d1baf45c70384e700e10d723a13aabe116e14453cbf099eea4dd763e28",
                "sha256:e8bf3e396f9ebe8f4f81e92fa4c98c50160d60c58964b89c8ff4ee0c482befaa",
                "sha256:e99e9ae745ba283f0230ac50af3f91657dd0b763778f88e4f0cbbc53b3e45d6e",
                "sha256:edae3dd8e595a40d3cdd6ff8b6d9f3860cd17f674792ea05bba5bf5f1b36e5ab",
                "sha256:f1020fcd3c8f1b93091730e3e16810d3741cbf69c6bacaa9d6a95fb15032848f",
                "sha256:f1d3e139ca3963201994ee7f45d51dce6015166462cffa025daf95508547e503",
                "sha256:f60afe457a37bd908fdc7b520c07620b1a7cc006e08b6e3e70474025b4f5e5c7",
                "sha256:fb750d3d5ac028e8afd62d000928a2110dbca012fee68b1a325a38caa03dc50b",
                "sha256:fd9bf9736269ad5cb0d215308fd44e1e02fe591cb9fbb7927d83492358c7ed5f",
                "sha256:fe31aa2d2be1c79300bda36b1a3daf8c2dda963539e0c6eedeb9882fc8c15491",
                "sha256:fefea733a1acaaf0c0daba8ccd5e161b9419efb62d8f6f4c679c51ef754ee750"
            ],
            "version": "==0.6.6"
        },
        "python-decouple": {
            "hashes": [
                "sha256:ba6e2657d4f376ecc46f77a3a615e058d93ba5e465c01bbe57289bfb7cce680f",
                "sha256:d0d45340815b25f4de59c974b855bb38d03151d81b037d9e3f463b0c9f8cbd66"
            ],
            "index": "pypi",
            "version": "==3.8"
        },
        "pytz": {
            "hashes": [
                "sha256:360b9e3dbb49a209c21ad61809c7fb453643e048b38924c765813546746e81c3",
                "sha256:5ddf76296dd8c44c26eb8f4b6f35488f3ccbf6fbbd7adee0b7262d43f0ec2f00"
            ],
            "version": "==2025.2"
        },
        "reportlab": {
            "hashes": [
                "sha256:22c28e593e2c37110f79df9bb31ba7782dc8c0002f33d8070c6d18e1c7380bfc",
                "sha256:238f1088b1ce94d25790774546fc52e3efd909eafe0c56f71d286996dd2d2db0",
                "sha256:2668687baf0a6c64f90193eca74dfa69bf172bf38e436c7be91e0b13867132ec",
                "sha256:2adb9c53c86b30290b407a24b88cf07b09c3b325866b5125b4dca4aa7996021e",
                "sha256:2ca0c987433bf63d765a9dcc9cb54695e617725ee81058af615f8d42fc29c0d8",
                "sha256:2cf111835bd4b9afbdf8568c4031e2727cdc64a914bbd68e60aa190672f70d34",
                "sha256:30d75931893f6c5beb14a93b0a3701cf14a6353c0b48acefa6b4c2391464b861",
                "sha256:44c62615504f669a92a62431e847a11c281072ec3a4820a8880dab7338cad53c",
                "sha256:473680fb899aed897963ddbf4536b377e40c7ea6fba83337e7f544e3040df956",
                "sha256:502ae45775ddf6ed10f23253f8a7768b52b9517ac590babcb92aab0336a2a13a",
                "sha256:5a681047247a6d896ed7ec18b95054c9c139c0269417beb066985244b8d18f75",
                "sha256:5d62c8341a426984d488fadab2e2b35c4e3e4f5c6ceb2e6b57d7fc41cb7ba992",
                "sha256:6910eb0152a72be5ebe8984472f9b2eeb1a5dc3db20a591cbcf179b14c2757a8",
                "sha256:6e9f42099141bb35013297b8de8b7329946d94e881cbd72c3d76f44d5a9df705",
                "sha256:7ac03370a672c9df9e691da4870f5db79d6227f37a6faf7d17a822890d42de60",
                "sha256:8a49fec7ea0c410dc84c88ac8c965605a3e6d50a9b81afb9539175168c7deaf7",
                "sha256:97b5ab874e8d74f3dbe3b48a531df7df269acb35c3e5eed9d41b3579bef9ad77",
                "sha256:9db71af717229dad72fe5f4dfb587eb952a07f7c1bcd83df402b676c78a334f5",
                "sha256:a089addc73b770d159615fc4c90cd06226b0c071d30c63e8addf57b9533049ee",
                "sha256:a09acda69357664190a02f239abb01505d519a2563ba89d57d6fb55ca14ade72",
                "sha256:ae252b718fb6de4da766d2b4b3402592923e327641dfa0a1b3cfecaa8a95229f",
                "sha256:b109d8594a5140f8c0e93c0d091e16c6274267027077cddbc590d4bff7acb35c",
                "sha256:b1d4940ff5f573f54855507c2d2ddfeb9a034ad3f040fa5168cf235717531b78",
                "sha256:b44a59e75a2c20912e21960df45c0644ded4538300becbb1df5b4cceea2afa11",
                "sha256:b84c0c3ad09eb9183fb2e54e44da92d84436d9f3a3263d1456e463c723c54906",
                "sha256:d05603fcf2acee5d01eb814d36b212aafbd82cafb9ae861dff41daaf893f95f1",
                "sha256:d42a442f4593ab5e196debc32aff0c36fcbf4031f068e1c9435d4137f47d7990",
                "sha256:dd1cdb62dc123f5859ca514eb639f70660bdc818c95fb0ee2370a175a0e20ce4",
                "sha256:e6d3affa0e484fb55e1061bbdf778797c68a648127f91102b1f0a6173ecb590e",
                "sha256:e7ca3699612efc278c666193aa340937066d8045cde247c4b409c8f416e0811e",
                "sha256:e80ed55cbbaf905635a2673d439495e1b1925b8379ea56aa2fc859a00e41af9f",
                "sha256:edab6b0fc5984051b9b74d33579b7e3d228b70a5801904aa645828a95efb8486",
                "sha256:ef659caf2f2824ab0bdf9e98a3886272232bcb1c756be4eb4f5c3c60a9519092",
                "sha256:f00e0218854e168bd8d5379d07f0e138285c34b5fe3878c8d5d4f691e280d95e",
                "sha256:f2bc48fc45f13d9ccc123462ab3bfd18a78e4bd58d027f9d4a226110c78adc3c",
                "sha256:f2be927d8717c5947e7968f089492c088a4103bfe6287ee01a001e0b9a84545b"
            ],
            "index": "pypi",
            "markers": "python_version >= '3.6' and python_version < '4'",
            "version": "==3.6.6"
        },
        "six": {
            "hashes": [
                "sha256:4721f391ed90541fddacab5acf947aa0d3dc7d27b2e1e8eda2be8970586c3274",
                "sha256:ff70335d468e7eb6ec65b95b99d3a2836546063f63acc5171de367e834932a81"
            ],
            "markers": "python_version >= '2.7' and python_version not in '3.0, 3.1, 3.2, 3.3'",
            "version": "==1.17.0"
        },
        "sqlparse": {
            "hashes": [
                "sha256:09f67787f56a0b16ecdbde1bfc7f5d9c3371ca683cfeaa8e6ff60b4807ec9272",
                "sha256:cf2196ed3418f3ba5de6af7e82c694a9fbdbfecccdfc72e281548517081f16ca"
            ],
            "markers": "python_version >= '3.8'",
            "version": "==0.5.3"
        },
        "webencodings": {
            "hashes": [
                "sha256:a0af1213f3c2226497a97e2b3aa01a7e4bee4f403f95be16fc9acd2947514a78",
                "sha256:b36a1c245f2d304965eb4e0a82848379241dc04b865afcc4aab16748587e1923"
            ],
            "version": "==0.5.1"
        },
        "xhtml2pdf": {
            "hashes": [
                "sha256:6797e974fac66f0efbe927c1539a2756ca4fe8777eaa5882bac132fc76b39421"
            ],
            "index": "pypi",
            "version": "==0.2.5"
        }
    },
    "develop": {}
}
