{
    "_meta": {
        "hash": {
            "sha256": "489ec9d71e9a59330392594eb5c11d52401d4f6da3eee1794bb0143de6ccf357"
        },
        "pipfile-spec": 6,
        "requires": {
            "python_version": "3.13"
        },
        "sources": [
            {
                "name": "pypi",
                "url": "https://pypi.org/simple",
                "verify_ssl": true
            }
        ]
    },
    "default": {
        "arabic-reshaper": {
            "hashes": [
                "sha256:3f71d5034bb694204a239a6f1ebcf323ac3c5b059de02259235e2016a1a5e2dc",
                "sha256:ffcd13ba5ec007db71c072f5b23f420da92ac7f268512065d49e790e62237099"
            ],
            "version": "==3.0.0"
        },
        "asgiref": {
            "hashes": [
                "sha256:3e1e3ecc849832fe52ccf2cb6686b7a55f82bb1d6aee72a58826471390335e47",
                "sha256:c343bd80a0bec947a9860adb4c432ffa7db769836c64238fc34bdc3fec84d590"
            ],
            "markers": "python_version >= '3.8'",
            "version": "==3.8.1"
        },
        "django": {
            "hashes": [
                "sha256:0604e84c4fb698a5e53e5857b5aea945b2f19a18f25f10b8748dbdf935788927",
                "sha256:21f0f9643722675976004eb683c55d33c05486f94506672df3d6a141546f389d"
            ],
            "index": "pypi",
            "markers": "python_version >= '3.6'",
            "version": "==3.2"
        },
        "django-cleanup": {
            "hashes": [
                "sha256:19f8b0e830233f9f0f683b17181f414672a0f48afe3ea3cc80ba47ae40ad880c",
                "sha256:bb9fb560aaf62959c81e31fa40885c36bbd5854d5aa21b90df2c7e4ba633531e"
            ],
            "index": "pypi",
            "markers": "python_version >= '3.8'",
            "version": "==9.0.0"
        },
        "django-crontab": {
            "hashes": [
                "sha256:1201810a212460aaaa48eb6a766738740daf42c1a4f6aafecfb1525036929236"
            ],
            "index": "pypi",
            "version": "==0.7.1"
        },
        "django-widget-tweaks": {
            "hashes": [
                "sha256:1c2180681ebb994e922c754804c7ffebbe1245014777ac47897a81f57cc629c7",
                "sha256:a41b7b2f05bd44d673d11ebd6c09a96f1d013ee98121cb98c384fe84e33b881e"
            ],
            "index": "pypi",
            "markers": "python_version >= '3.8'",
            "version": "==1.5.0"
        },
        "django-xhtml2pdf": {
            "hashes": [
                "sha256:84595fd7f242efffc1682eaf6646f237cb4823cda14e81b9cd642f6c790edd4e",
                "sha256:e91f4ea6033fb0eb9ae3869fe764df3c756c22897b526587aef008fb04d69871"
            ],
            "index": "pypi",
            "version": "==0.0.4"
        },
        "html5lib": {
            "hashes": [
                "sha256:0d78f8fde1c230e99fe37986a60526d7049ed4bf8a9fadbad5f00e22e58e041d",
                "sha256:b2e5b40261e20f354d198eae92afc10d750afb487ed5e50f9c4eaf07c184146f"
            ],
            "markers": "python_version >= '2.7' and python_version not in '3.0, 3.1, 3.2, 3.3, 3.4'",
            "version": "==1.1"
        },
        "pillow": {
            "hashes": [
                "sha256:015c6e863faa4779251436db398ae75051469f7c903b043a48f078e437656f83",
                "sha256:0a2f91f8a8b367e7a57c6e91cd25af510168091fb89ec5146003e424e1558a96",
                "sha256:11633d58b6ee5733bde153a8dafd25e505ea3d32e261accd388827ee987baf65",
                "sha256:2062ffb1d36544d42fcaa277b069c88b01bb7298f4efa06731a7fd6cc290b81a",
                "sha256:31eba6bbdd27dde97b0174ddf0297d7a9c3a507a8a1480e1e60ef914fe23d352",
                "sha256:3362c6ca227e65c54bf71a5f88b3d4565ff1bcbc63ae72c34b07bbb1cc59a43f",
                "sha256:368da70808b36d73b4b390a8ffac11069f8a5c85f29eff1f1b01bcf3ef5b2a20",
                "sha256:36ba10b9cb413e7c7dfa3e189aba252deee0602c86c309799da5a74009ac7a1c",
                "sha256:3764d53e09cdedd91bee65c2527815d315c6b90d7b8b79759cc48d7bf5d4f114",
                "sha256:3a5fe20a7b66e8135d7fd617b13272626a28278d0e578c98720d9ba4b2439d49",
                "sha256:3cdcdb0b896e981678eee140d882b70092dac83ac1cdf6b3a60e2216a73f2b91",
                "sha256:4637b88343166249fe8aa94e7c4a62a180c4b3898283bb5d3d2fd5fe10d8e4e0",
                "sha256:4db853948ce4e718f2fc775b75c37ba2efb6aaea41a1a5fc57f0af59eee774b2",
                "sha256:4dd43a78897793f60766563969442020e90eb7847463eca901e41ba186a7d4a5",
                "sha256:54251ef02a2309b5eec99d151ebf5c9904b77976c8abdcbce7891ed22df53884",
                "sha256:54ce1c9a16a9561b6d6d8cb30089ab1e5eb66918cb47d457bd996ef34182922e",
                "sha256:593c5fd6be85da83656b93ffcccc2312d2d149d251e98588b14fbc288fd8909c",
                "sha256:5bb94705aea800051a743aa4874bb1397d4695fb0583ba5e425ee0328757f196",
                "sha256:67cd427c68926108778a9005f2a04adbd5e67c442ed21d95389fe1d595458756",
                "sha256:70ca5ef3b3b1c4a0812b5c63c57c23b63e53bc38e758b37a951e5bc466449861",
                "sha256:73ddde795ee9b06257dac5ad42fcb07f3b9b813f8c1f7f870f402f4dc54b5269",
                "sha256:758e9d4ef15d3560214cddbc97b8ef3ef86ce04d62ddac17ad39ba87e89bd3b1",
                "sha256:7d33d2fae0e8b170b6a6c57400e077412240f6f5bb2a342cf1ee512a787942bb",
                "sha256:7fdadc077553621911f27ce206ffcbec7d3f8d7b50e0da39f10997e8e2bb7f6a",
                "sha256:8000376f139d4d38d6851eb149b321a52bb8893a88dae8ee7d95840431977081",
                "sha256:837060a8599b8f5d402e97197d4924f05a2e0d68756998345c829c33186217b1",
                "sha256:89dbdb3e6e9594d512780a5a1c42801879628b38e3efc7038094430844e271d8",
                "sha256:8c730dc3a83e5ac137fbc92dfcfe1511ce3b2b5d7578315b63dbbb76f7f51d90",
                "sha256:8e275ee4cb11c262bd108ab2081f750db2a1c0b8c12c1897f27b160c8bd57bbc",
                "sha256:9044b5e4f7083f209c4e35aa5dd54b1dd5b112b108648f5c902ad586d4f945c5",
                "sha256:93a18841d09bcdd774dcdc308e4537e1f867b3dec059c131fde0327899734aa1",
                "sha256:9409c080586d1f683df3f184f20e36fb647f2e0bc3988094d4fd8c9f4eb1b3b3",
                "sha256:96f82000e12f23e4f29346e42702b6ed9a2f2fea34a740dd5ffffcc8c539eb35",
                "sha256:9aa9aeddeed452b2f616ff5507459e7bab436916ccb10961c4a382cd3e03f47f",
                "sha256:9ee85f0696a17dd28fbcfceb59f9510aa71934b483d1f5601d1030c3c8304f3c",
                "sha256:a07dba04c5e22824816b2615ad7a7484432d7f540e6fa86af60d2de57b0fcee2",
                "sha256:a3cd561ded2cf2bbae44d4605837221b987c216cff94f49dfeed63488bb228d2",
                "sha256:a697cd8ba0383bba3d2d3ada02b34ed268cb548b369943cd349007730c92bddf",
                "sha256:a76da0a31da6fcae4210aa94fd779c65c75786bc9af06289cd1c184451ef7a65",
                "sha256:a85b653980faad27e88b141348707ceeef8a1186f75ecc600c395dcac19f385b",
                "sha256:a8d65b38173085f24bc07f8b6c505cbb7418009fa1a1fcb111b1f4961814a442",
                "sha256:aa8dd43daa836b9a8128dbe7d923423e5ad86f50a7a14dc688194b7be5c0dea2",
                "sha256:ab8a209b8485d3db694fa97a896d96dd6533d63c22829043fd9de627060beade",
                "sha256:abc56501c3fd148d60659aae0af6ddc149660469082859fa7b066a298bde9482",
                "sha256:ad5db5781c774ab9a9b2c4302bbf0c1014960a0a7be63278d13ae6fdf88126fe",
                "sha256:ae98e14432d458fc3de11a77ccb3ae65ddce70f730e7c76140653048c71bfcbc",
                "sha256:b20be51b37a75cc54c2c55def3fa2c65bb94ba859dde241cd0a4fd302de5ae0a",
                "sha256:b523466b1a31d0dcef7c5be1f20b942919b62fd6e9a9be199d035509cbefc0ec",
                "sha256:b5d658fbd9f0d6eea113aea286b21d3cd4d3fd978157cbf2447a6035916506d3",
                "sha256:b6123aa4a59d75f06e9dd3dac5bf8bc9aa383121bb3dd9a7a612e05eabc9961a",
                "sha256:bd165131fd51697e22421d0e467997ad31621b74bfc0b75956608cb2906dda07",
                "sha256:bf902d7413c82a1bfa08b06a070876132a5ae6b2388e2712aab3a7cbc02205c6",
                "sha256:c12fc111ef090845de2bb15009372175d76ac99969bdf31e2ce9b42e4b8cd88f",
                "sha256:c1eec9d950b6fe688edee07138993e54ee4ae634c51443cfb7c1e7613322718e",
                "sha256:c640e5a06869c75994624551f45e5506e4256562ead981cce820d5ab39ae2192",
                "sha256:cc1331b6d5a6e144aeb5e626f4375f5b7ae9934ba620c0ac6b3e43d5e683a0f0",
                "sha256:cfd5cd998c2e36a862d0e27b2df63237e67273f2fc78f47445b14e73a810e7e6",
                "sha256:d3d8da4a631471dfaf94c10c85f5277b1f8e42ac42bade1ac67da4b4a7359b73",
                "sha256:d44ff19eea13ae4acdaaab0179fa68c0c6f2f45d66a4d8ec1eda7d6cecbcc15f",
                "sha256:dd0052e9db3474df30433f83a71b9b23bd9e4ef1de13d92df21a52c0303b8ab6",
                "sha256:dd0e081319328928531df7a0e63621caf67652c8464303fd102141b785ef9547",
                "sha256:dda60aa465b861324e65a78c9f5cf0f4bc713e4309f83bc387be158b077963d9",
                "sha256:e06695e0326d05b06833b40b7ef477e475d0b1ba3a6d27da1bb48c23209bf457",
                "sha256:e1abe69aca89514737465752b4bcaf8016de61b3be1397a8fc260ba33321b3a8",
                "sha256:e267b0ed063341f3e60acd25c05200df4193e15a4a5807075cd71225a2386e26",
                "sha256:e5449ca63da169a2e6068dd0e2fcc8d91f9558aba89ff6d02121ca8ab11e79e5",
                "sha256:e63e4e5081de46517099dc30abe418122f54531a6ae2ebc8680bcd7096860eab",
                "sha256:f189805c8be5ca5add39e6f899e6ce2ed824e65fb45f3c28cb2841911da19070",
                "sha256:f7955ecf5609dee9442cbface754f2c6e541d9e6eda87fad7f7a989b0bdb9d71",
                "sha256:f86d3a7a9af5d826744fabf4afd15b9dfef44fe69a98541f666f66fbb8d3fef9",
                "sha256:fbd43429d0d7ed6533b25fc993861b8fd512c42d04514a0dd6337fb3ccf22761"
            ],
            "index": "pypi",
            "markers": "python_version >= '3.9'",
            "version": "==11.1.0"
        },
        "pypdf2": {
            "hashes": [
                "sha256:a74408f69ba6271f71b9352ef4ed03dc53a31aa404d29b5d31f53bfecfee1440",
                "sha256:d16e4205cfee272fbdc0568b68d82be796540b1537508cef59388f839c191928"
            ],
            "markers": "python_version >= '3.6'",
            "version": "==3.0.1"
        },
        "python-bidi": {
            "hashes": [
                "sha256:00081439e969c9d9d2ede8eccef4e91397f601931c4f02864edccb760c8f1db5",
                "sha256:00622f54a80826a918b22a2d6d5481bb3f669147e17bac85c81136b6ffbe7c06",
                "sha256:02255a04e26520b19081f7d378881b39050f5893e2fb4d65da81b849f58f4f76",
                "sha256:0781c3c63b4bc3b37273de2076cb9b875436ae19be0ff04752914d02a4375790",
                "sha256:07c9f000671b187319bacebb9e98d8b75005ccd16aa41b9d4411e66813c467bb",
                "sha256:07db4c7da502593bd6e39c07b3a38733704070de0cbf92a7b7277b7be8867dd9",
                "sha256:09d4da6b5851d0df01d7313a11d22f308fdfb0e12461f7262e0f55c521ccc0f1",
                "sha256:0c298868017614d6b7e0e31293775ebe6622e87009d95e1ecd0abdc1fa5228a2",
                "sha256:0eb12b724cc99853e0e0425b54c1c2219492486afaca106c827204b4189504db",
                "sha256:125a815f2b20313a2f6d331aa84abdd07de7d270985b056e6729390a4cda90df",
                "sha256:166060a31c10aa3ffadd52cf10a3c9c2b8d78d844e0f2c5801e2ed511d3ec316",
                "sha256:183fee39bd2de787f632376bd5ba0d5f1daf6a09d3ebfaa211df25d62223e531",
                "sha256:1d627f8cfeba70fe4e0ec27b35615c938a483cbef2d9eb7e1e42400d2196019e",
                "sha256:207b0a7082ec38045910d37700a0dd73c10d4ffccb22a4fd0391d7e9ce241672",
                "sha256:2150ac84f7b15f00f8cd9e29fee7edb4639b7ed2cd9e3d23e2dfd83098f719b7",
                "sha256:25fa21b46dc80ac7099d2dee424b634eb1f76b2308d518e505a626c55cdbf7b1",
                "sha256:27cf629a0ef983a25cfd62c6238ee1e742e35552409d5c1b43f6d22945adc4c2",
                "sha256:2d139bab64962731b5288edb1b6db76060c5a5183187efa590499951cd230b02",
                "sha256:33bd0ba5eedf18315a1475ac0f215b5134e48011b7320aedc2fb97df31d4e5bf",
                "sha256:3428331e7ce0d58c15b5a57e18a43a12e28f8733086066e6fd75b0ded80e1cae",
                "sha256:3564e574db1a0b3826ed6e646dc7206602189c31194d8da412007477ce653174",
                "sha256:35adfb9fed3e72b9043a5c00b6ab69e4b33d53d2d8f8b9f60d4df700f77bc2c0",
                "sha256:39eed023add8c53684f1de96cb72b4309cc4d412745f59b5d0dab48e6b88317b",
                "sha256:3e17441d31a8665a44f5f42dba7646bbcd3c51ae6657dd019f6a7bb12618b12f",
                "sha256:4142467ec0caa063aca894ca8f1e8a4d9ca6834093c06b0ad5e7aa98dc801079",
                "sha256:41fde9b4bb45c0e1b3283599e7539c82624ef8a8d3115da76b06160d923aab09",
                "sha256:43a0409570c618d93706dc875b1d33b4adfe67144f6f2ebeb32d85d8bbdb85ed",
                "sha256:471c1a5fcdbb3de47377d74a7f1017216d9464e5428ca4e66f863e49dca73393",
                "sha256:485f2ee109e7aa73efc165b90a6d90da52546801413540c08b7133fe729d5e0a",
                "sha256:490f8fe09ed423bfe00531f215e3b87e6000b8170408a0ead6ea5626f644b1d1",
                "sha256:493a844891e23264411b01df58ba77d5dbb0045da3787f4195f50a56bfb847d9",
                "sha256:4bb186c8da4bdc953893504bba93f41d5b412fd767ba5661ff606f22950ec609",
                "sha256:4eb3f28ca5e2f7238eaf67126c7634ec35603cbfbbe9b9b340ffee4a3314455f",
                "sha256:4ecfd1d0f6d2927eb2114b55a63b298766b85fc9f0c9aaacb4e8df3e0468538a",
                "sha256:4ff1eba0ff87e04bd35d7e164203ad6e5ce19f0bac0bdf673134c0b78d919608",
                "sha256:53122c3492fe3df871eb682c17eb848e24aa702946622ab78141c7027775519f",
                "sha256:534bc7c84159b6e4b777f5fb9122902d6e19223c4242f5b94417de1afcfe2fd9",
                "sha256:5351efb4e86281eb26c420066fade935cd670c0c0960edc323b80d0b94a0bc19",
                "sha256:53d7d3a550d176df99dd0bb0cc2da16b40634f11c8b9f5715777441d679c0a62",
                "sha256:5506ba56380140b3cb3504029de014d21eb8874c5e081d88495f8775f6ed90bc",
                "sha256:57c0ca449a116c4f804422111b3345281c4e69c733c4556fa216644ec9907078",
                "sha256:589c5b24a8c4b5e07a1e97654020734bf16ed01a4353911ab663a37aaf1c281d",
                "sha256:5c9f798dd49b24bb1a9d90f065ef25c7bffa94c04c554f1fc02d0aea0a9b10b0",
                "sha256:61cf12f6b7d0b9bb37838a5f045e6acbd91e838b57f0369c55319bb3969ffa4d",
                "sha256:6255ad385bb90aa39f8340967eef35657e52f8ed011773d37113cafa0ed5eefd",
                "sha256:63f7a9eaec31078e7611ab958b6e18e796c05b63ca50c1f7298311dc1e15ac3e",
                "sha256:646e83862dadfee00b75c93a930015e9f1cb924b26c34319a75aef65fcb3ddfa",
                "sha256:686642a52acdeffb1d9a593a284d07b175c63877c596fa3ccceeb2649ced1dd8",
                "sha256:691822fac1d6f3caf12e667dd8b41956485c78b211032747c5f97822ba208726",
                "sha256:69c02316a4f72a168ea6f66b90d845086e2f2d2de6b08eb32c576db36582177c",
                "sha256:6a4f4c664b2594d2d6be6a31c9254e784d6d5c1b17edfdccb5f0fac317a1cd5e",
                "sha256:6c84d901fad5fe3b58a329c0b4a5c9d93a2d5430d150ad41f0e1165fc75ff439",
                "sha256:6cc626d2f77cac470b3167a28d4975744f3d99f5eaf8f5c2048ac9c0b9cba9dc",
                "sha256:6dfa55611022f95058bb7deb2ac20755ae8abbe1104f87515f561e4a56944ba1",
                "sha256:76a1cd320993ba3e91a567e97f057a03f2c6b493096b3fff8b5630f51a38e7eb",
                "sha256:7906229befa0cea2fe0278a934a27f657b68ce07a2606b1244f814a38b4ab42a",
                "sha256:7d395e537a34d59e776fcdf50a50786d1a82084849d55cf644f4969ef8156643",
                "sha256:804c74d070f4e85c6976e55cdbb3f4ead5ec5d7ea0cfad8f18f5464be5174ec9",
                "sha256:825d15e547a9a2da5501966db672d6c8a5a063c041b2741ba32cc9775694b0ff",
                "sha256:82c7f6bb3dfc4f61aecb2290f1ea24bb2450a5cbc94ee8abe5d6278b67859e0b",
                "sha256:82e0befbc1078a964c6b6f2f7a616ae8015b52fdcd2f03979abf0fb1f2f18b48",
                "sha256:8706addd827840c2c3b3a9963060d9b979b43801cc9be982efa9644facd3ed26",
                "sha256:87a5489189b0a852da0129df77f0cc8e874b7b1ab1f968a209d340477906f076",
                "sha256:8b5f648ee8e9f4ac0400f71e671934b39837d7031496e0edde867a303344d758",
                "sha256:91a8cb8feac5d0042e2897042fe7bbbeab5dea1ab785f4b7d0c0bbbf6bc7aefd",
                "sha256:91c12d58cec15385817f8b2c7c56de8e37523f05926f2de0e59199d3e50e1516",
                "sha256:92eb89f9d8aa0c877cb49fc6356c7f5566e819ea29306992e26be59a5ce468d7",
                "sha256:965e6f2182e7b9352f2d79221f6c49502a307a9778d7d87d82dc36bb1ffecbab",
                "sha256:994534e47260d712c3b3291a6ab55b46cdbfd78a879ef95d14b27bceebfd4049",
                "sha256:9a9de76229ac22cb6bd40b56a8f7f0c42cbdff985dbd14b65bac955acf070594",
                "sha256:a138a7607b459414431a5cdcf5834624d6f87911a8863b51dd363a1e2e5744ab",
                "sha256:a2a49b506ed21f762ebf332de6de689bc4912e24dcc3b85f120b34e5f01e541a",
                "sha256:a525bcb77b8edbfdcf8b199dbed24556e6d1436af8f5fa392f6cdc93ed79b4af",
                "sha256:a6ac2a3ec5ccc3736e29bb201f27bd33707bfde774d3d222826aa181552590b2",
                "sha256:ada1aecd32773c61b16f7c9f74d9ec1b57ea433e2083e08ca387c5cd4b0ceaed",
                "sha256:af828457e46b31542569b4391014e6645023f6144de1dabf9fce7e9683235c25",
                "sha256:b144a1b8766fa6a536cc0feb6fdd29d91af7a82a0c09d89db5fc0b79d5678d7d",
                "sha256:b271cd05cb40f47eb4600de79a8e47f8579d81ce35f5650b39b7860d018c3ece",
                "sha256:b31f5562839e7ecea881ba337f9d39716e2e0e6b3ba395e824620ee5060050ff",
                "sha256:b53b8b061b67908b5b436abede8c450c8d2fa965cb713d541688f552b4cfa3d3",
                "sha256:b65b4105998436405a3e6bca60cbf9714f6a08099b16c0cf4752a4a3a70eb45b",
                "sha256:b8a83f28c104ef3b86ad60219d885b31728eb40c644f414f505068a6ecba3575",
                "sha256:b9498ead7f09eee272ff9c45900a8dcdc50a9558e126420a71d15774cc98bb44",
                "sha256:bbbcb28474b71e3ad05d8bd483348efe41fb7dfef6bd3046f3072baa0954d746",
                "sha256:bd5b3aa43d5222f1deef9894356a42f2443486501405977cda3aad0f23e20f9d",
                "sha256:c07e4d6d8c8f574aa135436207a37bba522443a8490b0ba720b54d343dfde1a7",
                "sha256:c0e715b500b09cefccaddb7087978dcd755443b9620aa1cc7b441824253cf2b8",
                "sha256:c48a755ca8ba3f2b242d6795d4a60e83ca580cc4fa270a3aaa8af05d93b7ba7f",
                "sha256:c4c0255940e6ff98fb05f9d5de3ffcaab7b60d821d4ca072b50c4f871b036562",
                "sha256:c4e08753d32d633f5ecb5eb02624272eeffaa6d5c6f4f9ddf012637bcaabfc0a",
                "sha256:d1dcd7a82ae00b86821fce627e310791f56da90924f15877cfda844e340679de",
                "sha256:d941a6a8a7159982d904982cfe0feb0a794913c5592d8137ccae0d518b2575e4",
                "sha256:da4949496e563b51f53ff34aad5a9f4c3aaf06f4180cf3bcb42bec649486c8f1",
                "sha256:dc8b0566cef5277f127a80e7546b52393050e5a572f08a352ca220e3f94807cf",
                "sha256:de020488c334c31916ee7526c1a867bf632516c1c2a0420d14d10b79f00761c7",
                "sha256:e2f227ee564e0241e57269043bdfa13025d08d0919b349f5c686e8cfc0540dbf",
                "sha256:e4a6251e212f828bb10ea69e0aa6b92b54f00bf56526b490fe890ca5f4333ec1",
                "sha256:e7e36601edda15e67527560b1c00108b0d27831260b6b251cf7c6dd110645c03",
                "sha256:e7edb0d1baf45c70384e700e10d723a13aabe116e14453cbf099eea4dd763e28",
                "sha256:e8bf3e396f9ebe8f4f81e92fa4c98c50160d60c58964b89c8ff4ee0c482befaa",
                "sha256:e99e9ae745ba283f0230ac50af3f91657dd0b763778f88e4f0cbbc53b3e45d6e",
                "sha256:edae3dd8e595a40d3cdd6ff8b6d9f3860cd17f674792ea05bba5bf5f1b36e5ab",
                "sha256:f1020fcd3c8f1b93091730e3e16810d3741cbf69c6bacaa9d6a95fb15032848f",
                "sha256:f1d3e139ca3963201994ee7f45d51dce6015166462cffa025daf95508547e503",
                "sha256:f60afe457a37bd908fdc7b520c07620b1a7cc006e08b6e3e70474025b4f5e5c7",
                "sha256:fb750d3d5ac028e8afd62d000928a2110dbca012fee68b1a325a38caa03dc50b",
                "sha256:fd9bf9736269ad5cb0d215308fd44e1e02fe591cb9fbb7927d83492358c7ed5f",
                "sha256:fe31aa2d2be1c79300bda36b1a3daf8c2dda963539e0c6eedeb9882fc8c15491",
                "sha256:fefea733a1acaaf0c0daba8ccd5e161b9419efb62d8f6f4c679c51ef754ee750"
            ],
            "version": "==0.6.6"
        },
        "python-decouple": {
            "hashes": [
                "sha256:ba6e2657d4f376ecc46f77a3a615e058d93ba5e465c01bbe57289bfb7cce680f",
                "sha256:d0d45340815b25f4de59c974b855bb38d03151d81b037d9e3f463b0c9f8cbd66"
            ],
            "index": "pypi",
            "version": "==3.8"
        },
        "pytz": {
            "hashes": [
                "sha256:360b9e3dbb49a209c21ad61809c7fb453643e048b38924c765813546746e81c3",
                "sha256:5ddf76296dd8c44c26eb8f4b6f35488f3ccbf6fbbd7adee0b7262d43f0ec2f00"
            ],
            "version": "==2025.2"
        },
        "reportlab": {
            "hashes": [
                "sha256:22c28e593e2c37110f79df9bb31ba7782dc8c0002f33d8070c6d18e1c7380bfc",
                "sha256:238f1088b1ce94d25790774546fc52e3efd909eafe0c56f71d286996dd2d2db0",
                "sha256:2668687baf0a6c64f90193eca74dfa69bf172bf38e436c7be91e0b13867132ec",
                "sha256:2adb9c53c86b30290b407a24b88cf07b09c3b325866b5125b4dca4aa7996021e",
                "sha256:2ca0c987433bf63d765a9dcc9cb54695e617725ee81058af615f8d42fc29c0d8",
                "sha256:2cf111835bd4b9afbdf8568c4031e2727cdc64a914bbd68e60aa190672f70d34",
                "sha256:30d75931893f6c5beb14a93b0a3701cf14a6353c0b48acefa6b4c2391464b861",
                "sha256:44c62615504f669a92a62431e847a11c281072ec3a4820a8880dab7338cad53c",
                "sha256:473680fb899aed897963ddbf4536b377e40c7ea6fba83337e7f544e3040df956",
                "sha256:502ae45775ddf6ed10f23253f8a7768b52b9517ac590babcb92aab0336a2a13a",
                "sha256:5a681047247a6d896ed7ec18b95054c9c139c0269417beb066985244b8d18f75",
                "sha256:5d62c8341a426984d488fadab2e2b35c4e3e4f5c6ceb2e6b57d7fc41cb7ba992",
                "sha256:6910eb0152a72be5ebe8984472f9b2eeb1a5dc3db20a591cbcf179b14c2757a8",
                "sha256:6e9f42099141bb35013297b8de8b7329946d94e881cbd72c3d76f44d5a9df705",
                "sha256:7ac03370a672c9df9e691da4870f5db79d6227f37a6faf7d17a822890d42de60",
                "sha256:8a49fec7ea0c410dc84c88ac8c965605a3e6d50a9b81afb9539175168c7deaf7",
                "sha256:97b5ab874e8d74f3dbe3b48a531df7df269acb35c3e5eed9d41b3579bef9ad77",
                "sha256:9db71af717229dad72fe5f4dfb587eb952a07f7c1bcd83df402b676c78a334f5",
                "sha256:a089addc73b770d159615fc4c90cd06226b0c071d30c63e8addf57b9533049ee",
                "sha256:a09acda69357664190a02f239abb01505d519a2563ba89d57d6fb55ca14ade72",
                "sha256:ae252b718fb6de4da766d2b4b3402592923e327641dfa0a1b3cfecaa8a95229f",
                "sha256:b109d8594a5140f8c0e93c0d091e16c6274267027077cddbc590d4bff7acb35c",
                "sha256:b1d4940ff5f573f54855507c2d2ddfeb9a034ad3f040fa5168cf235717531b78",
                "sha256:b44a59e75a2c20912e21960df45c0644ded4538300becbb1df5b4cceea2afa11",
                "sha256:b84c0c3ad09eb9183fb2e54e44da92d84436d9f3a3263d1456e463c723c54906",
                "sha256:d05603fcf2acee5d01eb814d36b212aafbd82cafb9ae861dff41daaf893f95f1",
                "sha256:d42a442f4593ab5e196debc32aff0c36fcbf4031f068e1c9435d4137f47d7990",
                "sha256:dd1cdb62dc123f5859ca514eb639f70660bdc818c95fb0ee2370a175a0e20ce4",
                "sha256:e6d3affa0e484fb55e1061bbdf778797c68a648127f91102b1f0a6173ecb590e",
                "sha256:e7ca3699612efc278c666193aa340937066d8045cde247c4b409c8f416e0811e",
                "sha256:e80ed55cbbaf905635a2673d439495e1b1925b8379ea56aa2fc859a00e41af9f",
                "sha256:edab6b0fc5984051b9b74d33579b7e3d228b70a5801904aa645828a95efb8486",
                "sha256:ef659caf2f2824ab0bdf9e98a3886272232bcb1c756be4eb4f5c3c60a9519092",
                "sha256:f00e0218854e168bd8d5379d07f0e138285c34b5fe3878c8d5d4f691e280d95e",
                "sha256:f2bc48fc45f13d9ccc123462ab3bfd18a78e4bd58d027f9d4a226110c78adc3c",
                "sha256:f2be927d8717c5947e7968f089492c088a4103bfe6287ee01a001e0b9a84545b"
            ],
            "index": "pypi",
            "markers": "python_version >= '3.6' and python_version < '4'",
            "version": "==3.6.6"
        },
        "six": {
            "hashes": [
                "sha256:4721f391ed90541fddacab5acf947aa0d3dc7d27b2e1e8eda2be8970586c3274",
                "sha256:ff70335d468e7eb6ec65b95b99d3a2836546063f63acc5171de367e834932a81"
            ],
            "markers": "python_version >= '2.7' and python_version not in '3.0, 3.1, 3.2'",
            "version": "==1.17.0"
        },
        "sqlparse": {
            "hashes": [
                "sha256:09f67787f56a0b16ecdbde1bfc7f5d9c3371ca683cfeaa8e6ff60b4807ec9272",
                "sha256:cf2196ed3418f3ba5de6af7e82c694a9fbdbfecccdfc72e281548517081f16ca"
            ],
            "markers": "python_version >= '3.8'",
            "version": "==0.5.3"
        },
        "webencodings": {
            "hashes": [
                "sha256:a0af1213f3c2226497a97e2b3aa01a7e4bee4f403f95be16fc9acd2947514a78",
                "sha256:b36a1c245f2d304965eb4e0a82848379241dc04b865afcc4aab16748587e1923"
            ],
            "version": "==0.5.1"
        },
        "xhtml2pdf": {
            "hashes": [
                "sha256:6797e974fac66f0efbe927c1539a2756ca4fe8777eaa5882bac132fc76b39421"
            ],
            "index": "pypi",
            "version": "==0.2.5"
        }
    },
    "develop": {}
}
